
Microsoft Visual Studio Solution File, Format Version 12.00
# Visual Studio Version 17
VisualStudioVersion = 17.3.32922.545
MinimumVisualStudioVersion = 10.0.40219.1
Project("{FAE04EC0-301F-11D3-BF4B-00C04F79EFBC}") = "Check_Isogram", "Check_Isogram\Check_Isogram.csproj", "{06774762-C2FF-4A8D-86B5-B8F8BA6C4427}"
EndProject
Global
	GlobalSection(SolutionConfigurationPlatforms) = preSolution
		Debug|Any CPU = Debug|Any CPU
		Release|Any CPU = Release|Any CPU
	EndGlobalSection
	GlobalSection(ProjectConfigurationPlatforms) = postSolution
		{06774762-C2FF-4A8D-86B5-B8F8BA6C4427}.Debug|Any CPU.ActiveCfg = Debug|Any CPU
		{06774762-C2FF-4A8D-86B5-B8F8BA6C4427}.Debug|Any CPU.Build.0 = Debug|Any CPU
		{06774762-C2FF-4A8D-86B5-B8F8BA6C4427}.Release|Any CPU.ActiveCfg = Release|Any CPU
		{06774762-C2FF-4A8D-86B5-B8F8BA6C4427}.Release|Any CPU.Build.0 = Release|Any CPU
	EndGlobalSection
	GlobalSection(SolutionProperties) = preSolution
		HideSolutionNode = FALSE
	EndGlobalSection
	GlobalSection(ExtensibilityGlobals) = postSolution
		SolutionGuid = {BE5F10CB-C0A5-4D4A-A584-E0258D20CC62}
	EndGlobalSection
EndGlobal
